
Microsoft Visual Studio Solution File, Format Version 12.00
# Visual Studio Version 16
VisualStudioVersion = 16.0.31424.327
MinimumVisualStudioVersion = 10.0.40219.1
Project("{888888A0-9F3D-457C-B088-3A5042F75D52}") = "blocket-scraper", "blocket-scraper.pyproj", "{5CD14969-88E2-40C1-A481-976852D6BD7C}"
EndProject
Project("{9A19103F-16F7-4668-BE54-9A1E7A4F7556}") = "Blocket-ScraperCSharp", "Blocket-ScraperCSharp.csproj", "{F104A064-E0ED-4C6B-9579-55B9CB269977}"
EndProject
Global
	GlobalSection(SolutionConfigurationPlatforms) = preSolution
		Debug|Any CPU = Debug|Any CPU
		Release|Any CPU = Release|Any CPU
	EndGlobalSection
	GlobalSection(ProjectConfigurationPlatforms) = postSolution
		{5CD14969-88E2-40C1-A481-976852D6BD7C}.Debug|Any CPU.ActiveCfg = Debug|Any CPU
		{5CD14969-88E2-40C1-A481-976852D6BD7C}.Release|Any CPU.ActiveCfg = Release|Any CPU
		{F104A064-E0ED-4C6B-9579-55B9CB269977}.Debug|Any CPU.ActiveCfg = Debug|Any CPU
		{F104A064-E0ED-4C6B-9579-55B9CB269977}.Debug|Any CPU.Build.0 = Debug|Any CPU
		{F104A064-E0ED-4C6B-9579-55B9CB269977}.Release|Any CPU.ActiveCfg = Release|Any CPU
		{F104A064-E0ED-4C6B-9579-55B9CB269977}.Release|Any CPU.Build.0 = Release|Any CPU
	EndGlobalSection
	GlobalSection(SolutionProperties) = preSolution
		HideSolutionNode = FALSE
	EndGlobalSection
	GlobalSection(ExtensibilityGlobals) = postSolution
		SolutionGuid = {18B20312-B635-4051-8810-F384A9347580}
	EndGlobalSection
EndGlobal
